
Microsoft Visual Studio Solution File, Format Version 12.00
# Visual Studio Version 16
VisualStudioVersion = 16.0.30011.22
MinimumVisualStudioVersion = 10.0.40219.1
Project("{FAE04EC0-301F-11D3-BF4B-00C04F79EFBC}") = "DPS", "DPS.csproj", "{F5810ADB-1C07-4F4B-A2B9-C11A348B640F}"
EndProject
Global
	GlobalSection(SolutionConfigurationPlatforms) = preSolution
		Debug|Any CPU = Debug|Any CPU
		Release|Any CPU = Release|Any CPU
	EndGlobalSection
	GlobalSection(ProjectConfigurationPlatforms) = postSolution
		{F5810ADB-1C07-4F4B-A2B9-C11A348B640F}.Debug|Any CPU.ActiveCfg = Debug|Any CPU
		{F5810ADB-1C07-4F4B-A2B9-C11A348B640F}.Debug|Any CPU.Build.0 = Debug|Any CPU
		{F5810ADB-1C07-4F4B-A2B9-C11A348B640F}.Release|Any CPU.ActiveCfg = Release|Any CPU
		{F5810ADB-1C07-4F4B-A2B9-C11A348B640F}.Release|Any CPU.Build.0 = Release|Any CPU
	EndGlobalSection
	GlobalSection(SolutionProperties) = preSolution
		HideSolutionNode = FALSE
	EndGlobalSection
	GlobalSection(ExtensibilityGlobals) = postSolution
		SolutionGuid = {BE8CF433-EDD3-4612-804A-7792A83601E1}
	EndGlobalSection
EndGlobal
